// !$*UTF8*$!
{
	archiveVersion = 1;
	classes = {
	};
	objectVersion = 46;
	objects = {

/* Begin PBXBuildFile section */
		04034E791AE159B800CFDE50 /* ReorderTableView.swift in Sources */ = {isa = PBXBuildFile; fileRef = 04034E781AE159B800CFDE50 /* ReorderTableView.swift */; };
		0431CEE01AF94197007A1058 /* Colors.swift in Sources */ = {isa = PBXBuildFile; fileRef = 0431CEDF1AF94197007A1058 /* Colors.swift */; };
		0439927C1B051C5F00C7C7B5 /* BaseViewControllerTests.swift in Sources */ = {isa = PBXBuildFile; fileRef = 0439927B1B051C5F00C7C7B5 /* BaseViewControllerTests.swift */; };
		043992801B05229700C7C7B5 /* ViewControllerTests.swift in Sources */ = {isa = PBXBuildFile; fileRef = 0439927F1B05229700C7C7B5 /* ViewControllerTests.swift */; };
		04467B3D1B2A1D3200B42863 /* TimerViewControllerTests.swift in Sources */ = {isa = PBXBuildFile; fileRef = 04A861C11B052F7B00451240 /* TimerViewControllerTests.swift */; };
		047206B51AFC04300067DDC1 /* interval_effect.m4a in Resources */ = {isa = PBXBuildFile; fileRef = 047206B41AFC04300067DDC1 /* interval_effect.m4a */; };
		047369171B0A243000D74670 /* ReorderTableViewTests.swift in Sources */ = {isa = PBXBuildFile; fileRef = 047369161B0A243000D74670 /* ReorderTableViewTests.swift */; };
		047369191B0A2A8400D74670 /* HWIntervalTests.swift in Sources */ = {isa = PBXBuildFile; fileRef = 047369181B0A2A8400D74670 /* HWIntervalTests.swift */; };
		0473691B1B0A363C00D74670 /* HWSequenceTests.swift in Sources */ = {isa = PBXBuildFile; fileRef = 0473691A1B0A363C00D74670 /* HWSequenceTests.swift */; };
		0497F8221B2A2CA700BD18E5 /* Interface.storyboard in Resources */ = {isa = PBXBuildFile; fileRef = 0497F8201B2A2CA700BD18E5 /* Interface.storyboard */; };
		0497F8241B2A2CA700BD18E5 /* Assets.xcassets in Resources */ = {isa = PBXBuildFile; fileRef = 0497F8231B2A2CA700BD18E5 /* Assets.xcassets */; };
		0497F82B1B2A2CA700BD18E5 /* IntervalsWatch Extension.appex in Embed App Extensions */ = {isa = PBXBuildFile; fileRef = 0497F82A1B2A2CA700BD18E5 /* IntervalsWatch Extension.appex */; settings = {ATTRIBUTES = (RemoveHeadersOnCopy, ); }; };
		0497F8321B2A2CA700BD18E5 /* InterfaceController.swift in Sources */ = {isa = PBXBuildFile; fileRef = 0497F8311B2A2CA700BD18E5 /* InterfaceController.swift */; };
		0497F8341B2A2CA700BD18E5 /* ExtensionDelegate.swift in Sources */ = {isa = PBXBuildFile; fileRef = 0497F8331B2A2CA700BD18E5 /* ExtensionDelegate.swift */; };
		0497F8361B2A2CA700BD18E5 /* NotificationController.swift in Sources */ = {isa = PBXBuildFile; fileRef = 0497F8351B2A2CA700BD18E5 /* NotificationController.swift */; };
		0497F8381B2A2CA700BD18E5 /* GlanceController.swift in Sources */ = {isa = PBXBuildFile; fileRef = 0497F8371B2A2CA700BD18E5 /* GlanceController.swift */; };
		0497F83A1B2A2CA700BD18E5 /* ComplicationController.swift in Sources */ = {isa = PBXBuildFile; fileRef = 0497F8391B2A2CA700BD18E5 /* ComplicationController.swift */; };
		0497F83C1B2A2CA700BD18E5 /* Assets.xcassets in Resources */ = {isa = PBXBuildFile; fileRef = 0497F83B1B2A2CA700BD18E5 /* Assets.xcassets */; };
		0497F8401B2A2CA700BD18E5 /* IntervalsWatch.app in Embed Watch Content */ = {isa = PBXBuildFile; fileRef = 0497F81E1B2A2CA700BD18E5 /* IntervalsWatch.app */; };
		04A861C01B052EC500451240 /* InputViewControllerTests.swift in Sources */ = {isa = PBXBuildFile; fileRef = 04A861BF1B052EC500451240 /* InputViewControllerTests.swift */; };
		04AE8F331AE81A0D00939B26 /* SequenceCell.swift in Sources */ = {isa = PBXBuildFile; fileRef = 04AE8F311AE81A0D00939B26 /* SequenceCell.swift */; };
		04AE8F341AE81A0D00939B26 /* SequenceCell.xib in Resources */ = {isa = PBXBuildFile; fileRef = 04AE8F321AE81A0D00939B26 /* SequenceCell.xib */; };
		04AE8F361AE828A700939B26 /* GlareView.swift in Sources */ = {isa = PBXBuildFile; fileRef = 04AE8F351AE828A700939B26 /* GlareView.swift */; };
		04C4D6A91B29F27100B164E5 /* IntervalsModel.xcdatamodeld in Sources */ = {isa = PBXBuildFile; fileRef = 04C4D6A71B29F27100B164E5 /* IntervalsModel.xcdatamodeld */; };
		04C4D6AB1B29F5D000B164E5 /* HWInterval.swift in Sources */ = {isa = PBXBuildFile; fileRef = 04E36EF71AE697C0006ADAD4 /* HWInterval.swift */; };
		04C4D6AC1B29F5D400B164E5 /* HWSequence.swift in Sources */ = {isa = PBXBuildFile; fileRef = 04E36EF91AE697E0006ADAD4 /* HWSequence.swift */; };
		04E0D4541ADD9744001659B3 /* AppDelegate.swift in Sources */ = {isa = PBXBuildFile; fileRef = 04E0D4531ADD9744001659B3 /* AppDelegate.swift */; };
		04E0D4591ADD9744001659B3 /* ViewController.swift in Sources */ = {isa = PBXBuildFile; fileRef = 04E0D4581ADD9744001659B3 /* ViewController.swift */; };
		04E0D45C1ADD9744001659B3 /* Main.storyboard in Resources */ = {isa = PBXBuildFile; fileRef = 04E0D45A1ADD9744001659B3 /* Main.storyboard */; };
		04E0D45E1ADD9744001659B3 /* Images.xcassets in Resources */ = {isa = PBXBuildFile; fileRef = 04E0D45D1ADD9744001659B3 /* Images.xcassets */; };
		04E0D4611ADD9744001659B3 /* LaunchScreen.xib in Resources */ = {isa = PBXBuildFile; fileRef = 04E0D45F1ADD9744001659B3 /* LaunchScreen.xib */; };
		04E0D46D1ADD9744001659B3 /* IntervalsTests.swift in Sources */ = {isa = PBXBuildFile; fileRef = 04E0D46C1ADD9744001659B3 /* IntervalsTests.swift */; };
		04E0D4771ADD9816001659B3 /* BaseViewController.swift in Sources */ = {isa = PBXBuildFile; fileRef = 04E0D4761ADD9816001659B3 /* BaseViewController.swift */; };
		04E0D4791ADD9BCE001659B3 /* CustomModalTransition.swift in Sources */ = {isa = PBXBuildFile; fileRef = 04E0D4781ADD9BCE001659B3 /* CustomModalTransition.swift */; };
		04E0D47B1ADDA0A0001659B3 /* InputViewController.swift in Sources */ = {isa = PBXBuildFile; fileRef = 04E0D47A1ADDA0A0001659B3 /* InputViewController.swift */; };
		04E0D47D1ADDAF37001659B3 /* InputCell.swift in Sources */ = {isa = PBXBuildFile; fileRef = 04E0D47C1ADDAF37001659B3 /* InputCell.swift */; };
		04E0D47F1ADDAF46001659B3 /* InputCell.xib in Resources */ = {isa = PBXBuildFile; fileRef = 04E0D47E1ADDAF46001659B3 /* InputCell.xib */; };
		04EFE1A51AF161E60053EA48 /* TimerViewController.swift in Sources */ = {isa = PBXBuildFile; fileRef = 04EFE1A41AF161E60053EA48 /* TimerViewController.swift */; };
/* End PBXBuildFile section */

/* Begin PBXContainerItemProxy section */
		0497F82C1B2A2CA700BD18E5 /* PBXContainerItemProxy */ = {
			isa = PBXContainerItemProxy;
			containerPortal = 04E0D4461ADD9744001659B3 /* Project object */;
			proxyType = 1;
			remoteGlobalIDString = 0497F8291B2A2CA700BD18E5;
			remoteInfo = "IntervalsWatch Extension";
		};
		0497F83E1B2A2CA700BD18E5 /* PBXContainerItemProxy */ = {
			isa = PBXContainerItemProxy;
			containerPortal = 04E0D4461ADD9744001659B3 /* Project object */;
			proxyType = 1;
			remoteGlobalIDString = 0497F81D1B2A2CA700BD18E5;
			remoteInfo = IntervalsWatch;
		};
		04E0D4671ADD9744001659B3 /* PBXContainerItemProxy */ = {
			isa = PBXContainerItemProxy;
			containerPortal = 04E0D4461ADD9744001659B3 /* Project object */;
			proxyType = 1;
			remoteGlobalIDString = 04E0D44D1ADD9744001659B3;
			remoteInfo = Intervals;
		};
/* End PBXContainerItemProxy section */

/* Begin PBXCopyFilesBuildPhase section */
		04467BD21B2A2C1900B42863 /* Embed Watch Content */ = {
			isa = PBXCopyFilesBuildPhase;
			buildActionMask = 2147483647;
			dstPath = "$(CONTENTS_FOLDER_PATH)/Watch";
			dstSubfolderSpec = 16;
			files = (
				0497F8401B2A2CA700BD18E5 /* IntervalsWatch.app in Embed Watch Content */,
			);
			name = "Embed Watch Content";
			runOnlyForDeploymentPostprocessing = 0;
		};
		0497F8461B2A2CA700BD18E5 /* Embed App Extensions */ = {
			isa = PBXCopyFilesBuildPhase;
			buildActionMask = 2147483647;
			dstPath = "";
			dstSubfolderSpec = 13;
			files = (
				0497F82B1B2A2CA700BD18E5 /* IntervalsWatch Extension.appex in Embed App Extensions */,
			);
			name = "Embed App Extensions";
			runOnlyForDeploymentPostprocessing = 0;
		};
		04E36EED1AE690C5006ADAD4 /* Embed Frameworks */ = {
			isa = PBXCopyFilesBuildPhase;
			buildActionMask = 2147483647;
			dstPath = "";
			dstSubfolderSpec = 10;
			files = (
			);
			name = "Embed Frameworks";
			runOnlyForDeploymentPostprocessing = 0;
		};
		04F9C8531AE59E86006935D4 /* Embed App Extensions */ = {
			isa = PBXCopyFilesBuildPhase;
			buildActionMask = 2147483647;
			dstPath = "";
			dstSubfolderSpec = 13;
			files = (
			);
			name = "Embed App Extensions";
			runOnlyForDeploymentPostprocessing = 0;
		};
/* End PBXCopyFilesBuildPhase section */

/* Begin PBXFileReference section */
		04034E781AE159B800CFDE50 /* ReorderTableView.swift */ = {isa = PBXFileReference; fileEncoding = 4; lastKnownFileType = sourcecode.swift; path = ReorderTableView.swift; sourceTree = "<group>"; };
		04316D621AE6C7CA00767C51 /* Intervals-Bridging-Header.h */ = {isa = PBXFileReference; lastKnownFileType = sourcecode.c.h; path = "Intervals-Bridging-Header.h"; sourceTree = "<group>"; };
		0431CEDF1AF94197007A1058 /* Colors.swift */ = {isa = PBXFileReference; fileEncoding = 4; lastKnownFileType = sourcecode.swift; path = Colors.swift; sourceTree = "<group>"; };
		0439927B1B051C5F00C7C7B5 /* BaseViewControllerTests.swift */ = {isa = PBXFileReference; fileEncoding = 4; lastKnownFileType = sourcecode.swift; path = BaseViewControllerTests.swift; sourceTree = "<group>"; };
		0439927F1B05229700C7C7B5 /* ViewControllerTests.swift */ = {isa = PBXFileReference; fileEncoding = 4; lastKnownFileType = sourcecode.swift; path = ViewControllerTests.swift; sourceTree = "<group>"; };
		047206B41AFC04300067DDC1 /* interval_effect.m4a */ = {isa = PBXFileReference; lastKnownFileType = file; path = interval_effect.m4a; sourceTree = "<group>"; };
		047369161B0A243000D74670 /* ReorderTableViewTests.swift */ = {isa = PBXFileReference; fileEncoding = 4; lastKnownFileType = sourcecode.swift; path = ReorderTableViewTests.swift; sourceTree = "<group>"; };
		047369181B0A2A8400D74670 /* HWIntervalTests.swift */ = {isa = PBXFileReference; fileEncoding = 4; lastKnownFileType = sourcecode.swift; path = HWIntervalTests.swift; sourceTree = "<group>"; };
		0473691A1B0A363C00D74670 /* HWSequenceTests.swift */ = {isa = PBXFileReference; fileEncoding = 4; lastKnownFileType = sourcecode.swift; path = HWSequenceTests.swift; sourceTree = "<group>"; };
		0497F81E1B2A2CA700BD18E5 /* IntervalsWatch.app */ = {isa = PBXFileReference; explicitFileType = wrapper.application; includeInIndex = 0; path = IntervalsWatch.app; sourceTree = BUILT_PRODUCTS_DIR; };
		0497F8211B2A2CA700BD18E5 /* Base */ = {isa = PBXFileReference; lastKnownFileType = file.storyboard; name = Base; path = Base.lproj/Interface.storyboard; sourceTree = "<group>"; };
		0497F8231B2A2CA700BD18E5 /* Assets.xcassets */ = {isa = PBXFileReference; lastKnownFileType = folder.assetcatalog; path = Assets.xcassets; sourceTree = "<group>"; };
		0497F8251B2A2CA700BD18E5 /* Info.plist */ = {isa = PBXFileReference; lastKnownFileType = text.plist.xml; path = Info.plist; sourceTree = "<group>"; };
		0497F82A1B2A2CA700BD18E5 /* IntervalsWatch Extension.appex */ = {isa = PBXFileReference; explicitFileType = "wrapper.app-extension"; includeInIndex = 0; path = "IntervalsWatch Extension.appex"; sourceTree = BUILT_PRODUCTS_DIR; };
		0497F8301B2A2CA700BD18E5 /* PushNotificationPayload.apns */ = {isa = PBXFileReference; lastKnownFileType = text; path = PushNotificationPayload.apns; sourceTree = "<group>"; };
		0497F8311B2A2CA700BD18E5 /* InterfaceController.swift */ = {isa = PBXFileReference; lastKnownFileType = sourcecode.swift; path = InterfaceController.swift; sourceTree = "<group>"; };
		0497F8331B2A2CA700BD18E5 /* ExtensionDelegate.swift */ = {isa = PBXFileReference; lastKnownFileType = sourcecode.swift; path = ExtensionDelegate.swift; sourceTree = "<group>"; };
		0497F8351B2A2CA700BD18E5 /* NotificationController.swift */ = {isa = PBXFileReference; lastKnownFileType = sourcecode.swift; path = NotificationController.swift; sourceTree = "<group>"; };
		0497F8371B2A2CA700BD18E5 /* GlanceController.swift */ = {isa = PBXFileReference; lastKnownFileType = sourcecode.swift; path = GlanceController.swift; sourceTree = "<group>"; };
		0497F8391B2A2CA700BD18E5 /* ComplicationController.swift */ = {isa = PBXFileReference; lastKnownFileType = sourcecode.swift; path = ComplicationController.swift; sourceTree = "<group>"; };
		0497F83B1B2A2CA700BD18E5 /* Assets.xcassets */ = {isa = PBXFileReference; lastKnownFileType = folder.assetcatalog; path = Assets.xcassets; sourceTree = "<group>"; };
		0497F83D1B2A2CA700BD18E5 /* Info.plist */ = {isa = PBXFileReference; lastKnownFileType = text.plist.xml; path = Info.plist; sourceTree = "<group>"; };
		04A861BA1B0528E300451240 /* IntervalsTests-Bridging-Header.h */ = {isa = PBXFileReference; lastKnownFileType = sourcecode.c.h; path = "IntervalsTests-Bridging-Header.h"; sourceTree = "<group>"; };
		04A861BF1B052EC500451240 /* InputViewControllerTests.swift */ = {isa = PBXFileReference; fileEncoding = 4; lastKnownFileType = sourcecode.swift; path = InputViewControllerTests.swift; sourceTree = "<group>"; };
		04A861C11B052F7B00451240 /* TimerViewControllerTests.swift */ = {isa = PBXFileReference; fileEncoding = 4; lastKnownFileType = sourcecode.swift; path = TimerViewControllerTests.swift; sourceTree = "<group>"; };
		04AE8F311AE81A0D00939B26 /* SequenceCell.swift */ = {isa = PBXFileReference; fileEncoding = 4; lastKnownFileType = sourcecode.swift; path = SequenceCell.swift; sourceTree = "<group>"; };
		04AE8F321AE81A0D00939B26 /* SequenceCell.xib */ = {isa = PBXFileReference; fileEncoding = 4; lastKnownFileType = file.xib; path = SequenceCell.xib; sourceTree = "<group>"; };
		04AE8F351AE828A700939B26 /* GlareView.swift */ = {isa = PBXFileReference; fileEncoding = 4; lastKnownFileType = sourcecode.swift; path = GlareView.swift; sourceTree = "<group>"; };
		04C4D6A81B29F27100B164E5 /* IntervalsModel.xcdatamodel */ = {isa = PBXFileReference; lastKnownFileType = wrapper.xcdatamodel; path = IntervalsModel.xcdatamodel; sourceTree = "<group>"; };
		04E0D44E1ADD9744001659B3 /* Intervals.app */ = {isa = PBXFileReference; explicitFileType = wrapper.application; includeInIndex = 0; path = Intervals.app; sourceTree = BUILT_PRODUCTS_DIR; };
		04E0D4521ADD9744001659B3 /* Info.plist */ = {isa = PBXFileReference; lastKnownFileType = text.plist.xml; path = Info.plist; sourceTree = "<group>"; };
		04E0D4531ADD9744001659B3 /* AppDelegate.swift */ = {isa = PBXFileReference; lastKnownFileType = sourcecode.swift; path = AppDelegate.swift; sourceTree = "<group>"; };
		04E0D4581ADD9744001659B3 /* ViewController.swift */ = {isa = PBXFileReference; lastKnownFileType = sourcecode.swift; path = ViewController.swift; sourceTree = "<group>"; };
		04E0D45B1ADD9744001659B3 /* Base */ = {isa = PBXFileReference; lastKnownFileType = file.storyboard; name = Base; path = Base.lproj/Main.storyboard; sourceTree = "<group>"; };
		04E0D45D1ADD9744001659B3 /* Images.xcassets */ = {isa = PBXFileReference; lastKnownFileType = folder.assetcatalog; path = Images.xcassets; sourceTree = "<group>"; };
		04E0D4601ADD9744001659B3 /* Base */ = {isa = PBXFileReference; lastKnownFileType = file.xib; name = Base; path = Base.lproj/LaunchScreen.xib; sourceTree = "<group>"; };
		04E0D4661ADD9744001659B3 /* IntervalsTests.xctest */ = {isa = PBXFileReference; explicitFileType = wrapper.cfbundle; includeInIndex = 0; path = IntervalsTests.xctest; sourceTree = BUILT_PRODUCTS_DIR; };
		04E0D46B1ADD9744001659B3 /* Info.plist */ = {isa = PBXFileReference; lastKnownFileType = text.plist.xml; path = Info.plist; sourceTree = "<group>"; };
		04E0D46C1ADD9744001659B3 /* IntervalsTests.swift */ = {isa = PBXFileReference; lastKnownFileType = sourcecode.swift; path = IntervalsTests.swift; sourceTree = "<group>"; };
		04E0D4761ADD9816001659B3 /* BaseViewController.swift */ = {isa = PBXFileReference; fileEncoding = 4; lastKnownFileType = sourcecode.swift; path = BaseViewController.swift; sourceTree = "<group>"; };
		04E0D4781ADD9BCE001659B3 /* CustomModalTransition.swift */ = {isa = PBXFileReference; fileEncoding = 4; lastKnownFileType = sourcecode.swift; path = CustomModalTransition.swift; sourceTree = "<group>"; };
		04E0D47A1ADDA0A0001659B3 /* InputViewController.swift */ = {isa = PBXFileReference; fileEncoding = 4; lastKnownFileType = sourcecode.swift; path = InputViewController.swift; sourceTree = "<group>"; };
		04E0D47C1ADDAF37001659B3 /* InputCell.swift */ = {isa = PBXFileReference; fileEncoding = 4; lastKnownFileType = sourcecode.swift; path = InputCell.swift; sourceTree = "<group>"; };
		04E0D47E1ADDAF46001659B3 /* InputCell.xib */ = {isa = PBXFileReference; fileEncoding = 4; lastKnownFileType = file.xib; path = InputCell.xib; sourceTree = "<group>"; };
		04E36EF71AE697C0006ADAD4 /* HWInterval.swift */ = {isa = PBXFileReference; fileEncoding = 4; lastKnownFileType = sourcecode.swift; path = HWInterval.swift; sourceTree = "<group>"; };
		04E36EF91AE697E0006ADAD4 /* HWSequence.swift */ = {isa = PBXFileReference; fileEncoding = 4; lastKnownFileType = sourcecode.swift; path = HWSequence.swift; sourceTree = "<group>"; };
		04EFE1A41AF161E60053EA48 /* TimerViewController.swift */ = {isa = PBXFileReference; fileEncoding = 4; lastKnownFileType = sourcecode.swift; path = TimerViewController.swift; sourceTree = "<group>"; };
/* End PBXFileReference section */

/* Begin PBXFrameworksBuildPhase section */
		0497F8271B2A2CA700BD18E5 /* Frameworks */ = {
			isa = PBXFrameworksBuildPhase;
			buildActionMask = 2147483647;
			files = (
			);
			runOnlyForDeploymentPostprocessing = 0;
		};
		04E0D44B1ADD9744001659B3 /* Frameworks */ = {
			isa = PBXFrameworksBuildPhase;
			buildActionMask = 2147483647;
			files = (
			);
			runOnlyForDeploymentPostprocessing = 0;
		};
		04E0D4631ADD9744001659B3 /* Frameworks */ = {
			isa = PBXFrameworksBuildPhase;
			buildActionMask = 2147483647;
			files = (
			);
			runOnlyForDeploymentPostprocessing = 0;
		};
/* End PBXFrameworksBuildPhase section */

/* Begin PBXGroup section */
		0497F81F1B2A2CA700BD18E5 /* IntervalsWatch */ = {
			isa = PBXGroup;
			children = (
				0497F8201B2A2CA700BD18E5 /* Interface.storyboard */,
				0497F8231B2A2CA700BD18E5 /* Assets.xcassets */,
				0497F8251B2A2CA700BD18E5 /* Info.plist */,
			);
			path = IntervalsWatch;
			sourceTree = "<group>";
		};
		0497F82E1B2A2CA700BD18E5 /* IntervalsWatch Extension */ = {
			isa = PBXGroup;
			children = (
				0497F8311B2A2CA700BD18E5 /* InterfaceController.swift */,
				0497F8331B2A2CA700BD18E5 /* ExtensionDelegate.swift */,
				0497F8351B2A2CA700BD18E5 /* NotificationController.swift */,
				0497F8371B2A2CA700BD18E5 /* GlanceController.swift */,
				0497F8391B2A2CA700BD18E5 /* ComplicationController.swift */,
				0497F83B1B2A2CA700BD18E5 /* Assets.xcassets */,
				0497F83D1B2A2CA700BD18E5 /* Info.plist */,
				0497F82F1B2A2CA700BD18E5 /* Supporting Files */,
			);
			path = "IntervalsWatch Extension";
			sourceTree = "<group>";
		};
		0497F82F1B2A2CA700BD18E5 /* Supporting Files */ = {
			isa = PBXGroup;
			children = (
				0497F8301B2A2CA700BD18E5 /* PushNotificationPayload.apns */,
			);
			name = "Supporting Files";
			sourceTree = "<group>";
		};
		04E0D4451ADD9744001659B3 = {
			isa = PBXGroup;
			children = (
				04E0D4501ADD9744001659B3 /* Intervals */,
				04E0D4691ADD9744001659B3 /* IntervalsTests */,
				0497F81F1B2A2CA700BD18E5 /* IntervalsWatch */,
				0497F82E1B2A2CA700BD18E5 /* IntervalsWatch Extension */,
				04E0D44F1ADD9744001659B3 /* Products */,
			);
			sourceTree = "<group>";
		};
		04E0D44F1ADD9744001659B3 /* Products */ = {
			isa = PBXGroup;
			children = (
				04E0D44E1ADD9744001659B3 /* Intervals.app */,
				04E0D4661ADD9744001659B3 /* IntervalsTests.xctest */,
				0497F81E1B2A2CA700BD18E5 /* IntervalsWatch.app */,
				0497F82A1B2A2CA700BD18E5 /* IntervalsWatch Extension.appex */,
			);
			name = Products;
			sourceTree = "<group>";
		};
		04E0D4501ADD9744001659B3 /* Intervals */ = {
			isa = PBXGroup;
			children = (
				04E0D4531ADD9744001659B3 /* AppDelegate.swift */,
				04E0D4761ADD9816001659B3 /* BaseViewController.swift */,
				04E0D4581ADD9744001659B3 /* ViewController.swift */,
				04E0D47A1ADDA0A0001659B3 /* InputViewController.swift */,
				04EFE1A41AF161E60053EA48 /* TimerViewController.swift */,
				04E0D4781ADD9BCE001659B3 /* CustomModalTransition.swift */,
				04E0D45A1ADD9744001659B3 /* Main.storyboard */,
				04E36EF61AE697B4006ADAD4 /* Model */,
				04E0D4811ADDB82C001659B3 /* Views */,
				04E0D45D1ADD9744001659B3 /* Images.xcassets */,
				04E0D45F1ADD9744001659B3 /* LaunchScreen.xib */,
				04E0D4511ADD9744001659B3 /* Supporting Files */,
				04316D621AE6C7CA00767C51 /* Intervals-Bridging-Header.h */,
				04C4D6A71B29F27100B164E5 /* IntervalsModel.xcdatamodeld */,
			);
			path = Intervals;
			sourceTree = "<group>";
		};
		04E0D4511ADD9744001659B3 /* Supporting Files */ = {
			isa = PBXGroup;
			children = (
				04E0D4521ADD9744001659B3 /* Info.plist */,
				0431CEDF1AF94197007A1058 /* Colors.swift */,
				047206B41AFC04300067DDC1 /* interval_effect.m4a */,
			);
			name = "Supporting Files";
			sourceTree = "<group>";
		};
		04E0D4691ADD9744001659B3 /* IntervalsTests */ = {
			isa = PBXGroup;
			children = (
				04E0D46C1ADD9744001659B3 /* IntervalsTests.swift */,
				0439927B1B051C5F00C7C7B5 /* BaseViewControllerTests.swift */,
				0439927F1B05229700C7C7B5 /* ViewControllerTests.swift */,
				04A861BF1B052EC500451240 /* InputViewControllerTests.swift */,
				04A861C11B052F7B00451240 /* TimerViewControllerTests.swift */,
				047369161B0A243000D74670 /* ReorderTableViewTests.swift */,
				047369181B0A2A8400D74670 /* HWIntervalTests.swift */,
				0473691A1B0A363C00D74670 /* HWSequenceTests.swift */,
				04E0D46A1ADD9744001659B3 /* Supporting Files */,
				04A861BA1B0528E300451240 /* IntervalsTests-Bridging-Header.h */,
			);
			path = IntervalsTests;
			sourceTree = "<group>";
		};
		04E0D46A1ADD9744001659B3 /* Supporting Files */ = {
			isa = PBXGroup;
			children = (
				04E0D46B1ADD9744001659B3 /* Info.plist */,
			);
			name = "Supporting Files";
			sourceTree = "<group>";
		};
		04E0D4811ADDB82C001659B3 /* Views */ = {
			isa = PBXGroup;
			children = (
				04034E781AE159B800CFDE50 /* ReorderTableView.swift */,
				04AE8F351AE828A700939B26 /* GlareView.swift */,
				04AE8F311AE81A0D00939B26 /* SequenceCell.swift */,
				04AE8F321AE81A0D00939B26 /* SequenceCell.xib */,
				04E0D47C1ADDAF37001659B3 /* InputCell.swift */,
				04E0D47E1ADDAF46001659B3 /* InputCell.xib */,
			);
			name = Views;
			sourceTree = "<group>";
		};
		04E36EF61AE697B4006ADAD4 /* Model */ = {
			isa = PBXGroup;
			children = (
				04E36EF71AE697C0006ADAD4 /* HWInterval.swift */,
				04E36EF91AE697E0006ADAD4 /* HWSequence.swift */,
			);
			name = Model;
			path = ../WatchCoreDataProxy;
			sourceTree = "<group>";
		};
/* End PBXGroup section */

/* Begin PBXNativeTarget section */
		0497F81D1B2A2CA700BD18E5 /* IntervalsWatch */ = {
			isa = PBXNativeTarget;
			buildConfigurationList = 0497F8471B2A2CA700BD18E5 /* Build configuration list for PBXNativeTarget "IntervalsWatch" */;
			buildPhases = (
				0497F81C1B2A2CA700BD18E5 /* Resources */,
				0497F8461B2A2CA700BD18E5 /* Embed App Extensions */,
			);
			buildRules = (
			);
			dependencies = (
				0497F82D1B2A2CA700BD18E5 /* PBXTargetDependency */,
			);
			name = IntervalsWatch;
			productName = IntervalsWatch;
			productReference = 0497F81E1B2A2CA700BD18E5 /* IntervalsWatch.app */;
			productType = "com.apple.product-type.application.watchapp2";
		};
		0497F8291B2A2CA700BD18E5 /* IntervalsWatch Extension */ = {
			isa = PBXNativeTarget;
			buildConfigurationList = 0497F8451B2A2CA700BD18E5 /* Build configuration list for PBXNativeTarget "IntervalsWatch Extension" */;
			buildPhases = (
				0497F8261B2A2CA700BD18E5 /* Sources */,
				0497F8271B2A2CA700BD18E5 /* Frameworks */,
				0497F8281B2A2CA700BD18E5 /* Resources */,
			);
			buildRules = (
			);
			dependencies = (
			);
			name = "IntervalsWatch Extension";
			productName = "IntervalsWatch Extension";
			productReference = 0497F82A1B2A2CA700BD18E5 /* IntervalsWatch Extension.appex */;
			productType = "com.apple.product-type.watchkit2-extension";
		};
		04E0D44D1ADD9744001659B3 /* Intervals */ = {
			isa = PBXNativeTarget;
			buildConfigurationList = 04E0D4701ADD9744001659B3 /* Build configuration list for PBXNativeTarget "Intervals" */;
			buildPhases = (
				04E0D44A1ADD9744001659B3 /* Sources */,
				04E0D44B1ADD9744001659B3 /* Frameworks */,
				04E0D44C1ADD9744001659B3 /* Resources */,
				04F9C8531AE59E86006935D4 /* Embed App Extensions */,
				04E36EED1AE690C5006ADAD4 /* Embed Frameworks */,
				04467BD21B2A2C1900B42863 /* Embed Watch Content */,
			);
			buildRules = (
			);
			dependencies = (
				0497F83F1B2A2CA700BD18E5 /* PBXTargetDependency */,
			);
			name = Intervals;
			productName = Intervals;
			productReference = 04E0D44E1ADD9744001659B3 /* Intervals.app */;
			productType = "com.apple.product-type.application";
		};
		04E0D4651ADD9744001659B3 /* IntervalsTests */ = {
			isa = PBXNativeTarget;
			buildConfigurationList = 04E0D4731ADD9744001659B3 /* Build configuration list for PBXNativeTarget "IntervalsTests" */;
			buildPhases = (
				04E0D4621ADD9744001659B3 /* Sources */,
				04E0D4631ADD9744001659B3 /* Frameworks */,
				04E0D4641ADD9744001659B3 /* Resources */,
			);
			buildRules = (
			);
			dependencies = (
				04E0D4681ADD9744001659B3 /* PBXTargetDependency */,
			);
			name = IntervalsTests;
			productName = IntervalsTests;
			productReference = 04E0D4661ADD9744001659B3 /* IntervalsTests.xctest */;
			productType = "com.apple.product-type.bundle.unit-test";
		};
/* End PBXNativeTarget section */

/* Begin PBXProject section */
		04E0D4461ADD9744001659B3 /* Project object */ = {
			isa = PBXProject;
			attributes = {
				LastUpgradeCheck = 0620;
				ORGANIZATIONNAME = "Hunter Whittle";
				TargetAttributes = {
					0497F81D1B2A2CA700BD18E5 = {
						CreatedOnToolsVersion = 7.0;
						DevelopmentTeam = HXK9RLY6C2;
					};
					0497F8291B2A2CA700BD18E5 = {
						CreatedOnToolsVersion = 7.0;
					};
					04E0D44D1ADD9744001659B3 = {
						CreatedOnToolsVersion = 6.2;
						DevelopmentTeam = HXK9RLY6C2;
						SystemCapabilities = {
							com.apple.ApplicationGroups.iOS = {
								enabled = 0;
							};
						};
					};
					04E0D4651ADD9744001659B3 = {
						CreatedOnToolsVersion = 6.2;
						TestTargetID = 04E0D44D1ADD9744001659B3;
					};
				};
			};
			buildConfigurationList = 04E0D4491ADD9744001659B3 /* Build configuration list for PBXProject "Intervals" */;
			compatibilityVersion = "Xcode 3.2";
			developmentRegion = English;
			hasScannedForEncodings = 0;
			knownRegions = (
				en,
				Base,
			);
			mainGroup = 04E0D4451ADD9744001659B3;
			productRefGroup = 04E0D44F1ADD9744001659B3 /* Products */;
			projectDirPath = "";
			projectRoot = "";
			targets = (
				04E0D44D1ADD9744001659B3 /* Intervals */,
				04E0D4651ADD9744001659B3 /* IntervalsTests */,
				0497F81D1B2A2CA700BD18E5 /* IntervalsWatch */,
				0497F8291B2A2CA700BD18E5 /* IntervalsWatch Extension */,
			);
		};
/* End PBXProject section */

/* Begin PBXResourcesBuildPhase section */
		0497F81C1B2A2CA700BD18E5 /* Resources */ = {
			isa = PBXResourcesBuildPhase;
			buildActionMask = 2147483647;
			files = (
				0497F8241B2A2CA700BD18E5 /* Assets.xcassets in Resources */,
				0497F8221B2A2CA700BD18E5 /* Interface.storyboard in Resources */,
			);
			runOnlyForDeploymentPostprocessing = 0;
		};
		0497F8281B2A2CA700BD18E5 /* Resources */ = {
			isa = PBXResourcesBuildPhase;
			buildActionMask = 2147483647;
			files = (
				0497F83C1B2A2CA700BD18E5 /* Assets.xcassets in Resources */,
			);
			runOnlyForDeploymentPostprocessing = 0;
		};
		04E0D44C1ADD9744001659B3 /* Resources */ = {
			isa = PBXResourcesBuildPhase;
			buildActionMask = 2147483647;
			files = (
				047206B51AFC04300067DDC1 /* interval_effect.m4a in Resources */,
				04E0D45C1ADD9744001659B3 /* Main.storyboard in Resources */,
				04E0D4611ADD9744001659B3 /* LaunchScreen.xib in Resources */,
				04AE8F341AE81A0D00939B26 /* SequenceCell.xib in Resources */,
				04E0D47F1ADDAF46001659B3 /* InputCell.xib in Resources */,
				04E0D45E1ADD9744001659B3 /* Images.xcassets in Resources */,
			);
			runOnlyForDeploymentPostprocessing = 0;
		};
		04E0D4641ADD9744001659B3 /* Resources */ = {
			isa = PBXResourcesBuildPhase;
			buildActionMask = 2147483647;
			files = (
			);
			runOnlyForDeploymentPostprocessing = 0;
		};
/* End PBXResourcesBuildPhase section */

/* Begin PBXSourcesBuildPhase section */
		0497F8261B2A2CA700BD18E5 /* Sources */ = {
			isa = PBXSourcesBuildPhase;
			buildActionMask = 2147483647;
			files = (
				0497F8361B2A2CA700BD18E5 /* NotificationController.swift in Sources */,
				0497F8341B2A2CA700BD18E5 /* ExtensionDelegate.swift in Sources */,
				0497F83A1B2A2CA700BD18E5 /* ComplicationController.swift in Sources */,
				0497F8321B2A2CA700BD18E5 /* InterfaceController.swift in Sources */,
				0497F8381B2A2CA700BD18E5 /* GlanceController.swift in Sources */,
			);
			runOnlyForDeploymentPostprocessing = 0;
		};
		04E0D44A1ADD9744001659B3 /* Sources */ = {
			isa = PBXSourcesBuildPhase;
			buildActionMask = 2147483647;
			files = (
				04E0D4791ADD9BCE001659B3 /* CustomModalTransition.swift in Sources */,
				0431CEE01AF94197007A1058 /* Colors.swift in Sources */,
				04AE8F331AE81A0D00939B26 /* SequenceCell.swift in Sources */,
				04034E791AE159B800CFDE50 /* ReorderTableView.swift in Sources */,
				04C4D6A91B29F27100B164E5 /* IntervalsModel.xcdatamodeld in Sources */,
				04E0D4591ADD9744001659B3 /* ViewController.swift in Sources */,
				04AE8F361AE828A700939B26 /* GlareView.swift in Sources */,
				04C4D6AC1B29F5D400B164E5 /* HWSequence.swift in Sources */,
				04E0D4771ADD9816001659B3 /* BaseViewController.swift in Sources */,
				04E0D47B1ADDA0A0001659B3 /* InputViewController.swift in Sources */,
				04E0D4541ADD9744001659B3 /* AppDelegate.swift in Sources */,
				04EFE1A51AF161E60053EA48 /* TimerViewController.swift in Sources */,
				04E0D47D1ADDAF37001659B3 /* InputCell.swift in Sources */,
				04C4D6AB1B29F5D000B164E5 /* HWInterval.swift in Sources */,
			);
			runOnlyForDeploymentPostprocessing = 0;
		};
		04E0D4621ADD9744001659B3 /* Sources */ = {
			isa = PBXSourcesBuildPhase;
			buildActionMask = 2147483647;
			files = (
				04E0D46D1ADD9744001659B3 /* IntervalsTests.swift in Sources */,
				0439927C1B051C5F00C7C7B5 /* BaseViewControllerTests.swift in Sources */,
				0473691B1B0A363C00D74670 /* HWSequenceTests.swift in Sources */,
				04A861C01B052EC500451240 /* InputViewControllerTests.swift in Sources */,
				04467B3D1B2A1D3200B42863 /* TimerViewControllerTests.swift in Sources */,
				043992801B05229700C7C7B5 /* ViewControllerTests.swift in Sources */,
				047369191B0A2A8400D74670 /* HWIntervalTests.swift in Sources */,
				047369171B0A243000D74670 /* ReorderTableViewTests.swift in Sources */,
			);
			runOnlyForDeploymentPostprocessing = 0;
		};
/* End PBXSourcesBuildPhase section */

/* Begin PBXTargetDependency section */
		0497F82D1B2A2CA700BD18E5 /* PBXTargetDependency */ = {
			isa = PBXTargetDependency;
			target = 0497F8291B2A2CA700BD18E5 /* IntervalsWatch Extension */;
			targetProxy = 0497F82C1B2A2CA700BD18E5 /* PBXContainerItemProxy */;
		};
		0497F83F1B2A2CA700BD18E5 /* PBXTargetDependency */ = {
			isa = PBXTargetDependency;
			target = 0497F81D1B2A2CA700BD18E5 /* IntervalsWatch */;
			targetProxy = 0497F83E1B2A2CA700BD18E5 /* PBXContainerItemProxy */;
		};
		04E0D4681ADD9744001659B3 /* PBXTargetDependency */ = {
			isa = PBXTargetDependency;
			target = 04E0D44D1ADD9744001659B3 /* Intervals */;
			targetProxy = 04E0D4671ADD9744001659B3 /* PBXContainerItemProxy */;
		};
/* End PBXTargetDependency section */

/* Begin PBXVariantGroup section */
		0497F8201B2A2CA700BD18E5 /* Interface.storyboard */ = {
			isa = PBXVariantGroup;
			children = (
				0497F8211B2A2CA700BD18E5 /* Base */,
			);
			name = Interface.storyboard;
			sourceTree = "<group>";
		};
		04E0D45A1ADD9744001659B3 /* Main.storyboard */ = {
			isa = PBXVariantGroup;
			children = (
				04E0D45B1ADD9744001659B3 /* Base */,
			);
			name = Main.storyboard;
			sourceTree = "<group>";
		};
		04E0D45F1ADD9744001659B3 /* LaunchScreen.xib */ = {
			isa = PBXVariantGroup;
			children = (
				04E0D4601ADD9744001659B3 /* Base */,
			);
			name = LaunchScreen.xib;
			sourceTree = "<group>";
		};
/* End PBXVariantGroup section */

/* Begin XCBuildConfiguration section */
		0497F8411B2A2CA700BD18E5 /* Debug */ = {
			isa = XCBuildConfiguration;
			buildSettings = {
				ASSETCATALOG_COMPILER_APPICON_NAME = AppIcon;
				CODE_SIGN_IDENTITY = "iPhone Developer";
				"CODE_SIGN_IDENTITY[sdk=iphoneos*]" = "iPhone Developer";
				"CODE_SIGN_IDENTITY[sdk=watchos*]" = "iPhone Developer";
				DEBUG_INFORMATION_FORMAT = dwarf;
				EMBEDDED_CONTENT_CONTAINS_SWIFT = YES;
				ENABLE_TESTABILITY = YES;
				GCC_NO_COMMON_BLOCKS = YES;
				IBSC_MODULE = IntervalsWatch_Extension;
				INFOPLIST_FILE = IntervalsWatch/Info.plist;
				PRODUCT_BUNDLE_IDENTIFIER = com.entrision.Intervals.watchkitapp;
				PRODUCT_NAME = "$(TARGET_NAME)";
				SDKROOT = watchos;
				SKIP_INSTALL = YES;
				TARGETED_DEVICE_FAMILY = 4;
				WATCHOS_DEPLOYMENT_TARGET = 2.0;
			};
			name = Debug;
		};
		0497F8421B2A2CA700BD18E5 /* Release */ = {
			isa = XCBuildConfiguration;
			buildSettings = {
				ASSETCATALOG_COMPILER_APPICON_NAME = AppIcon;
				CODE_SIGN_IDENTITY = "iPhone Developer";
				"CODE_SIGN_IDENTITY[sdk=iphoneos*]" = "iPhone Developer";
				"CODE_SIGN_IDENTITY[sdk=watchos*]" = "iPhone Developer";
				DEBUG_INFORMATION_FORMAT = "dwarf-with-dsym";
				EMBEDDED_CONTENT_CONTAINS_SWIFT = YES;
				GCC_NO_COMMON_BLOCKS = YES;
				IBSC_MODULE = IntervalsWatch_Extension;
				INFOPLIST_FILE = IntervalsWatch/Info.plist;
				PRODUCT_BUNDLE_IDENTIFIER = com.entrision.Intervals.watchkitapp;
				PRODUCT_NAME = "$(TARGET_NAME)";
				SDKROOT = watchos;
				SKIP_INSTALL = YES;
				TARGETED_DEVICE_FAMILY = 4;
				WATCHOS_DEPLOYMENT_TARGET = 2.0;
			};
			name = Release;
		};
		0497F8431B2A2CA700BD18E5 /* Debug */ = {
			isa = XCBuildConfiguration;
			buildSettings = {
				ASSETCATALOG_COMPILER_COMPLICATION_NAME = Complication;
				"CODE_SIGN_IDENTITY[sdk=watchos*]" = "iPhone Developer";
				DEBUG_INFORMATION_FORMAT = dwarf;
				ENABLE_TESTABILITY = YES;
				GCC_NO_COMMON_BLOCKS = YES;
				INFOPLIST_FILE = "IntervalsWatch Extension/Info.plist";
				LD_RUNPATH_SEARCH_PATHS = "$(inherited) @executable_path/Frameworks @executable_path/../../Frameworks";
				PRODUCT_BUNDLE_IDENTIFIER = com.entrision.Intervals.watchkitapp.watchkitextension;
				PRODUCT_NAME = "${TARGET_NAME}";
				SDKROOT = watchos;
				SKIP_INSTALL = YES;
				TARGETED_DEVICE_FAMILY = 4;
				WATCHOS_DEPLOYMENT_TARGET = 2.0;
			};
			name = Debug;
		};
		0497F8441B2A2CA700BD18E5 /* Release */ = {
			isa = XCBuildConfiguration;
			buildSettings = {
				ASSETCATALOG_COMPILER_COMPLICATION_NAME = Complication;
				"CODE_SIGN_IDENTITY[sdk=watchos*]" = "iPhone Developer";
				DEBUG_INFORMATION_FORMAT = "dwarf-with-dsym";
				GCC_NO_COMMON_BLOCKS = YES;
				INFOPLIST_FILE = "IntervalsWatch Extension/Info.plist";
				LD_RUNPATH_SEARCH_PATHS = "$(inherited) @executable_path/Frameworks @executable_path/../../Frameworks";
				PRODUCT_BUNDLE_IDENTIFIER = com.entrision.Intervals.watchkitapp.watchkitextension;
				PRODUCT_NAME = "${TARGET_NAME}";
				SDKROOT = watchos;
				SKIP_INSTALL = YES;
				TARGETED_DEVICE_FAMILY = 4;
				WATCHOS_DEPLOYMENT_TARGET = 2.0;
			};
			name = Release;
		};
		04E0D46E1ADD9744001659B3 /* Debug */ = {
			isa = XCBuildConfiguration;
			buildSettings = {
				ALWAYS_SEARCH_USER_PATHS = NO;
				CLANG_CXX_LANGUAGE_STANDARD = "gnu++0x";
				CLANG_CXX_LIBRARY = "libc++";
				CLANG_ENABLE_MODULES = YES;
				CLANG_ENABLE_OBJC_ARC = YES;
				CLANG_WARN_BOOL_CONVERSION = YES;
				CLANG_WARN_CONSTANT_CONVERSION = YES;
				CLANG_WARN_DIRECT_OBJC_ISA_USAGE = YES_ERROR;
				CLANG_WARN_EMPTY_BODY = YES;
				CLANG_WARN_ENUM_CONVERSION = YES;
				CLANG_WARN_INT_CONVERSION = YES;
				CLANG_WARN_OBJC_ROOT_CLASS = YES_ERROR;
				CLANG_WARN_UNREACHABLE_CODE = YES;
				CLANG_WARN__DUPLICATE_METHOD_MATCH = YES;
				"CODE_SIGN_IDENTITY[sdk=iphoneos*]" = "iPhone Developer";
				COPY_PHASE_STRIP = NO;
				ENABLE_STRICT_OBJC_MSGSEND = YES;
				GCC_C_LANGUAGE_STANDARD = gnu99;
				GCC_DYNAMIC_NO_PIC = NO;
				GCC_OPTIMIZATION_LEVEL = 0;
				GCC_PREPROCESSOR_DEFINITIONS = (
					"DEBUG=1",
					"$(inherited)",
				);
				GCC_SYMBOLS_PRIVATE_EXTERN = NO;
				GCC_WARN_64_TO_32_BIT_CONVERSION = YES;
				GCC_WARN_ABOUT_RETURN_TYPE = YES_ERROR;
				GCC_WARN_UNDECLARED_SELECTOR = YES;
				GCC_WARN_UNINITIALIZED_AUTOS = YES_AGGRESSIVE;
				GCC_WARN_UNUSED_FUNCTION = YES;
				GCC_WARN_UNUSED_VARIABLE = YES;
				IPHONEOS_DEPLOYMENT_TARGET = 8.2;
				MTL_ENABLE_DEBUG_INFO = YES;
				ONLY_ACTIVE_ARCH = YES;
				SDKROOT = iphoneos;
				SWIFT_OPTIMIZATION_LEVEL = "-Onone";
			};
			name = Debug;
		};
		04E0D46F1ADD9744001659B3 /* Release */ = {
			isa = XCBuildConfiguration;
			buildSettings = {
				ALWAYS_SEARCH_USER_PATHS = NO;
				CLANG_CXX_LANGUAGE_STANDARD = "gnu++0x";
				CLANG_CXX_LIBRARY = "libc++";
				CLANG_ENABLE_MODULES = YES;
				CLANG_ENABLE_OBJC_ARC = YES;
				CLANG_WARN_BOOL_CONVERSION = YES;
				CLANG_WARN_CONSTANT_CONVERSION = YES;
				CLANG_WARN_DIRECT_OBJC_ISA_USAGE = YES_ERROR;
				CLANG_WARN_EMPTY_BODY = YES;
				CLANG_WARN_ENUM_CONVERSION = YES;
				CLANG_WARN_INT_CONVERSION = YES;
				CLANG_WARN_OBJC_ROOT_CLASS = YES_ERROR;
				CLANG_WARN_UNREACHABLE_CODE = YES;
				CLANG_WARN__DUPLICATE_METHOD_MATCH = YES;
				"CODE_SIGN_IDENTITY[sdk=iphoneos*]" = "iPhone Developer";
				COPY_PHASE_STRIP = NO;
				ENABLE_NS_ASSERTIONS = NO;
				ENABLE_STRICT_OBJC_MSGSEND = YES;
				GCC_C_LANGUAGE_STANDARD = gnu99;
				GCC_WARN_64_TO_32_BIT_CONVERSION = YES;
				GCC_WARN_ABOUT_RETURN_TYPE = YES_ERROR;
				GCC_WARN_UNDECLARED_SELECTOR = YES;
				GCC_WARN_UNINITIALIZED_AUTOS = YES_AGGRESSIVE;
				GCC_WARN_UNUSED_FUNCTION = YES;
				GCC_WARN_UNUSED_VARIABLE = YES;
				IPHONEOS_DEPLOYMENT_TARGET = 8.2;
				MTL_ENABLE_DEBUG_INFO = NO;
				SDKROOT = iphoneos;
				VALIDATE_PRODUCT = YES;
			};
			name = Release;
		};
		04E0D4711ADD9744001659B3 /* Debug */ = {
			isa = XCBuildConfiguration;
			buildSettings = {
				ASSETCATALOG_COMPILER_APPICON_NAME = AppIcon;
				CLANG_ENABLE_MODULES = YES;
				CODE_SIGN_IDENTITY = "iPhone Developer";
				"CODE_SIGN_IDENTITY[sdk=iphoneos*]" = "iPhone Developer";
				ENABLE_TESTABILITY = YES;
				INFOPLIST_FILE = Intervals/Info.plist;
				IPHONEOS_DEPLOYMENT_TARGET = 8.2;
				LD_RUNPATH_SEARCH_PATHS = "$(inherited) @executable_path/Frameworks";
				PRODUCT_NAME = "$(TARGET_NAME)";
				PROVISIONING_PROFILE = "";
				SWIFT_OBJC_BRIDGING_HEADER = "Intervals/Intervals-Bridging-Header.h";
				SWIFT_OPTIMIZATION_LEVEL = "-Onone";
			};
			name = Debug;
		};
		04E0D4721ADD9744001659B3 /* Release */ = {
			isa = XCBuildConfiguration;
			buildSettings = {
				ASSETCATALOG_COMPILER_APPICON_NAME = AppIcon;
				CLANG_ENABLE_MODULES = YES;
				CODE_SIGN_IDENTITY = "iPhone Developer";
				"CODE_SIGN_IDENTITY[sdk=iphoneos*]" = "iPhone Developer";
				ENABLE_TESTABILITY = YES;
				INFOPLIST_FILE = Intervals/Info.plist;
				IPHONEOS_DEPLOYMENT_TARGET = 8.2;
				LD_RUNPATH_SEARCH_PATHS = "$(inherited) @executable_path/Frameworks";
				PRODUCT_NAME = "$(TARGET_NAME)";
				PROVISIONING_PROFILE = "";
				SWIFT_OBJC_BRIDGING_HEADER = "Intervals/Intervals-Bridging-Header.h";
			};
			name = Release;
		};
		04E0D4741ADD9744001659B3 /* Debug */ = {
			isa = XCBuildConfiguration;
			buildSettings = {
				BUNDLE_LOADER = "$(TEST_HOST)";
				CLANG_ENABLE_MODULES = YES;
				FRAMEWORK_SEARCH_PATHS = (
					"$(SDKROOT)/Developer/Library/Frameworks",
					"$(inherited)",
				);
				GCC_PREPROCESSOR_DEFINITIONS = (
					"DEBUG=1",
					"$(inherited)",
				);
				INFOPLIST_FILE = IntervalsTests/Info.plist;
				LD_RUNPATH_SEARCH_PATHS = "$(inherited) @executable_path/Frameworks @loader_path/Frameworks";
				PRODUCT_NAME = "$(TARGET_NAME)";
				SWIFT_OBJC_BRIDGING_HEADER = "IntervalsTests/IntervalsTests-Bridging-Header.h";
				SWIFT_OPTIMIZATION_LEVEL = "-Onone";
				TEST_HOST = "$(BUILT_PRODUCTS_DIR)/Intervals.app/Intervals";
			};
			name = Debug;
		};
		04E0D4751ADD9744001659B3 /* Release */ = {
			isa = XCBuildConfiguration;
			buildSettings = {
				BUNDLE_LOADER = "$(TEST_HOST)";
				CLANG_ENABLE_MODULES = YES;
				FRAMEWORK_SEARCH_PATHS = (
					"$(SDKROOT)/Developer/Library/Frameworks",
					"$(inherited)",
				);
				INFOPLIST_FILE = IntervalsTests/Info.plist;
				LD_RUNPATH_SEARCH_PATHS = "$(inherited) @executable_path/Frameworks @loader_path/Frameworks";
				PRODUCT_NAME = "$(TARGET_NAME)";
				SWIFT_OBJC_BRIDGING_HEADER = "IntervalsTests/IntervalsTests-Bridging-Header.h";
				TEST_HOST = "$(BUILT_PRODUCTS_DIR)/Intervals.app/Intervals";
			};
			name = Release;
		};
/* End XCBuildConfiguration section */

/* Begin XCConfigurationList section */
		0497F8451B2A2CA700BD18E5 /* Build configuration list for PBXNativeTarget "IntervalsWatch Extension" */ = {
			isa = XCConfigurationList;
			buildConfigurations = (
				0497F8431B2A2CA700BD18E5 /* Debug */,
				0497F8441B2A2CA700BD18E5 /* Release */,
			);
			defaultConfigurationIsVisible = 0;
			defaultConfigurationName = Release;
		};
		0497F8471B2A2CA700BD18E5 /* Build configuration list for PBXNativeTarget "IntervalsWatch" */ = {
			isa = XCConfigurationList;
			buildConfigurations = (
				0497F8411B2A2CA700BD18E5 /* Debug */,
				0497F8421B2A2CA700BD18E5 /* Release */,
			);
			defaultConfigurationIsVisible = 0;
			defaultConfigurationName = Release;
		};
		04E0D4491ADD9744001659B3 /* Build configuration list for PBXProject "Intervals" */ = {
			isa = XCConfigurationList;
			buildConfigurations = (
				04E0D46E1ADD9744001659B3 /* Debug */,
				04E0D46F1ADD9744001659B3 /* Release */,
			);
			defaultConfigurationIsVisible = 0;
			defaultConfigurationName = Release;
		};
		04E0D4701ADD9744001659B3 /* Build configuration list for PBXNativeTarget "Intervals" */ = {
			isa = XCConfigurationList;
			buildConfigurations = (
				04E0D4711ADD9744001659B3 /* Debug */,
				04E0D4721ADD9744001659B3 /* Release */,
			);
			defaultConfigurationIsVisible = 0;
			defaultConfigurationName = Release;
		};
		04E0D4731ADD9744001659B3 /* Build configuration list for PBXNativeTarget "IntervalsTests" */ = {
			isa = XCConfigurationList;
			buildConfigurations = (
				04E0D4741ADD9744001659B3 /* Debug */,
				04E0D4751ADD9744001659B3 /* Release */,
			);
			defaultConfigurationIsVisible = 0;
			defaultConfigurationName = Release;
		};
/* End XCConfigurationList section */

/* Begin XCVersionGroup section */
		04C4D6A71B29F27100B164E5 /* IntervalsModel.xcdatamodeld */ = {
			isa = XCVersionGroup;
			children = (
				04C4D6A81B29F27100B164E5 /* IntervalsModel.xcdatamodel */,
			);
			currentVersion = 04C4D6A81B29F27100B164E5 /* IntervalsModel.xcdatamodel */;
			path = IntervalsModel.xcdatamodeld;
			sourceTree = "<group>";
			versionGroupType = wrapper.xcdatamodel;
		};
/* End XCVersionGroup section */
	};
	rootObject = 04E0D4461ADD9744001659B3 /* Project object */;
}
