// !$*UTF8*$!
{
	archiveVersion = 1;
	classes = {
	};
	objectVersion = 46;
	objects = {

/* Begin PBXBuildFile section */
		04034E791AE159B800CFDE50 /* ReorderTableView.swift in Sources */ = {isa = PBXBuildFile; fileRef = 04034E781AE159B800CFDE50 /* ReorderTableView.swift */; };
		04E0D4541ADD9744001659B3 /* AppDelegate.swift in Sources */ = {isa = PBXBuildFile; fileRef = 04E0D4531ADD9744001659B3 /* AppDelegate.swift */; };
		04E0D4571ADD9744001659B3 /* Intervals.xcdatamodeld in Sources */ = {isa = PBXBuildFile; fileRef = 04E0D4551ADD9744001659B3 /* Intervals.xcdatamodeld */; };
		04E0D4591ADD9744001659B3 /* ViewController.swift in Sources */ = {isa = PBXBuildFile; fileRef = 04E0D4581ADD9744001659B3 /* ViewController.swift */; };
		04E0D45C1ADD9744001659B3 /* Main.storyboard in Resources */ = {isa = PBXBuildFile; fileRef = 04E0D45A1ADD9744001659B3 /* Main.storyboard */; };
		04E0D45E1ADD9744001659B3 /* Images.xcassets in Resources */ = {isa = PBXBuildFile; fileRef = 04E0D45D1ADD9744001659B3 /* Images.xcassets */; };
		04E0D4611ADD9744001659B3 /* LaunchScreen.xib in Resources */ = {isa = PBXBuildFile; fileRef = 04E0D45F1ADD9744001659B3 /* LaunchScreen.xib */; };
		04E0D46D1ADD9744001659B3 /* IntervalsTests.swift in Sources */ = {isa = PBXBuildFile; fileRef = 04E0D46C1ADD9744001659B3 /* IntervalsTests.swift */; };
		04E0D4771ADD9816001659B3 /* BaseViewController.swift in Sources */ = {isa = PBXBuildFile; fileRef = 04E0D4761ADD9816001659B3 /* BaseViewController.swift */; };
		04E0D4791ADD9BCE001659B3 /* CustomModalTransition.swift in Sources */ = {isa = PBXBuildFile; fileRef = 04E0D4781ADD9BCE001659B3 /* CustomModalTransition.swift */; };
		04E0D47B1ADDA0A0001659B3 /* InputViewController.swift in Sources */ = {isa = PBXBuildFile; fileRef = 04E0D47A1ADDA0A0001659B3 /* InputViewController.swift */; };
		04E0D47D1ADDAF37001659B3 /* InputCell.swift in Sources */ = {isa = PBXBuildFile; fileRef = 04E0D47C1ADDAF37001659B3 /* InputCell.swift */; };
		04E0D47F1ADDAF46001659B3 /* InputCell.xib in Resources */ = {isa = PBXBuildFile; fileRef = 04E0D47E1ADDAF46001659B3 /* InputCell.xib */; };
		04E0D4841ADDB87A001659B3 /* Interval.swift in Sources */ = {isa = PBXBuildFile; fileRef = 04E0D4831ADDB87A001659B3 /* Interval.swift */; };
		04E0D4861ADDBB16001659B3 /* Sequence.swift in Sources */ = {isa = PBXBuildFile; fileRef = 04E0D4851ADDBB16001659B3 /* Sequence.swift */; };
/* End PBXBuildFile section */

/* Begin PBXContainerItemProxy section */
		04E0D4671ADD9744001659B3 /* PBXContainerItemProxy */ = {
			isa = PBXContainerItemProxy;
			containerPortal = 04E0D4461ADD9744001659B3 /* Project object */;
			proxyType = 1;
			remoteGlobalIDString = 04E0D44D1ADD9744001659B3;
			remoteInfo = Intervals;
		};
/* End PBXContainerItemProxy section */

/* Begin PBXFileReference section */
		04034E781AE159B800CFDE50 /* ReorderTableView.swift */ = {isa = PBXFileReference; fileEncoding = 4; lastKnownFileType = sourcecode.swift; path = ReorderTableView.swift; sourceTree = "<group>"; };
		04E0D44E1ADD9744001659B3 /* Intervals.app */ = {isa = PBXFileReference; explicitFileType = wrapper.application; includeInIndex = 0; path = Intervals.app; sourceTree = BUILT_PRODUCTS_DIR; };
		04E0D4521ADD9744001659B3 /* Info.plist */ = {isa = PBXFileReference; lastKnownFileType = text.plist.xml; path = Info.plist; sourceTree = "<group>"; };
		04E0D4531ADD9744001659B3 /* AppDelegate.swift */ = {isa = PBXFileReference; lastKnownFileType = sourcecode.swift; path = AppDelegate.swift; sourceTree = "<group>"; };
		04E0D4561ADD9744001659B3 /* Intervals.xcdatamodel */ = {isa = PBXFileReference; lastKnownFileType = wrapper.xcdatamodel; path = Intervals.xcdatamodel; sourceTree = "<group>"; };
		04E0D4581ADD9744001659B3 /* ViewController.swift */ = {isa = PBXFileReference; lastKnownFileType = sourcecode.swift; path = ViewController.swift; sourceTree = "<group>"; };
		04E0D45B1ADD9744001659B3 /* Base */ = {isa = PBXFileReference; lastKnownFileType = file.storyboard; name = Base; path = Base.lproj/Main.storyboard; sourceTree = "<group>"; };
		04E0D45D1ADD9744001659B3 /* Images.xcassets */ = {isa = PBXFileReference; lastKnownFileType = folder.assetcatalog; path = Images.xcassets; sourceTree = "<group>"; };
		04E0D4601ADD9744001659B3 /* Base */ = {isa = PBXFileReference; lastKnownFileType = file.xib; name = Base; path = Base.lproj/LaunchScreen.xib; sourceTree = "<group>"; };
		04E0D4661ADD9744001659B3 /* IntervalsTests.xctest */ = {isa = PBXFileReference; explicitFileType = wrapper.cfbundle; includeInIndex = 0; path = IntervalsTests.xctest; sourceTree = BUILT_PRODUCTS_DIR; };
		04E0D46B1ADD9744001659B3 /* Info.plist */ = {isa = PBXFileReference; lastKnownFileType = text.plist.xml; path = Info.plist; sourceTree = "<group>"; };
		04E0D46C1ADD9744001659B3 /* IntervalsTests.swift */ = {isa = PBXFileReference; lastKnownFileType = sourcecode.swift; path = IntervalsTests.swift; sourceTree = "<group>"; };
		04E0D4761ADD9816001659B3 /* BaseViewController.swift */ = {isa = PBXFileReference; fileEncoding = 4; lastKnownFileType = sourcecode.swift; path = BaseViewController.swift; sourceTree = "<group>"; };
		04E0D4781ADD9BCE001659B3 /* CustomModalTransition.swift */ = {isa = PBXFileReference; fileEncoding = 4; lastKnownFileType = sourcecode.swift; path = CustomModalTransition.swift; sourceTree = "<group>"; };
		04E0D47A1ADDA0A0001659B3 /* InputViewController.swift */ = {isa = PBXFileReference; fileEncoding = 4; lastKnownFileType = sourcecode.swift; path = InputViewController.swift; sourceTree = "<group>"; };
		04E0D47C1ADDAF37001659B3 /* InputCell.swift */ = {isa = PBXFileReference; fileEncoding = 4; lastKnownFileType = sourcecode.swift; path = InputCell.swift; sourceTree = "<group>"; };
		04E0D47E1ADDAF46001659B3 /* InputCell.xib */ = {isa = PBXFileReference; fileEncoding = 4; lastKnownFileType = file.xib; path = InputCell.xib; sourceTree = "<group>"; };
		04E0D4831ADDB87A001659B3 /* Interval.swift */ = {isa = PBXFileReference; fileEncoding = 4; lastKnownFileType = sourcecode.swift; path = Interval.swift; sourceTree = "<group>"; };
		04E0D4851ADDBB16001659B3 /* Sequence.swift */ = {isa = PBXFileReference; fileEncoding = 4; lastKnownFileType = sourcecode.swift; path = Sequence.swift; sourceTree = "<group>"; };
/* End PBXFileReference section */

/* Begin PBXFrameworksBuildPhase section */
		04E0D44B1ADD9744001659B3 /* Frameworks */ = {
			isa = PBXFrameworksBuildPhase;
			buildActionMask = 2147483647;
			files = (
			);
			runOnlyForDeploymentPostprocessing = 0;
		};
		04E0D4631ADD9744001659B3 /* Frameworks */ = {
			isa = PBXFrameworksBuildPhase;
			buildActionMask = 2147483647;
			files = (
			);
			runOnlyForDeploymentPostprocessing = 0;
		};
/* End PBXFrameworksBuildPhase section */

/* Begin PBXGroup section */
		04E0D4451ADD9744001659B3 = {
			isa = PBXGroup;
			children = (
				04E0D4501ADD9744001659B3 /* Intervals */,
				04E0D4691ADD9744001659B3 /* IntervalsTests */,
				04E0D44F1ADD9744001659B3 /* Products */,
			);
			sourceTree = "<group>";
		};
		04E0D44F1ADD9744001659B3 /* Products */ = {
			isa = PBXGroup;
			children = (
				04E0D44E1ADD9744001659B3 /* Intervals.app */,
				04E0D4661ADD9744001659B3 /* IntervalsTests.xctest */,
			);
			name = Products;
			sourceTree = "<group>";
		};
		04E0D4501ADD9744001659B3 /* Intervals */ = {
			isa = PBXGroup;
			children = (
				04E0D4531ADD9744001659B3 /* AppDelegate.swift */,
				04E0D4761ADD9816001659B3 /* BaseViewController.swift */,
				04E0D4581ADD9744001659B3 /* ViewController.swift */,
				04E0D47A1ADDA0A0001659B3 /* InputViewController.swift */,
				04E0D4781ADD9BCE001659B3 /* CustomModalTransition.swift */,
				04E0D45A1ADD9744001659B3 /* Main.storyboard */,
				04E0D4821ADDB835001659B3 /* Model */,
				04E0D4811ADDB82C001659B3 /* Views */,
				04E0D45D1ADD9744001659B3 /* Images.xcassets */,
				04E0D45F1ADD9744001659B3 /* LaunchScreen.xib */,
				04E0D4551ADD9744001659B3 /* Intervals.xcdatamodeld */,
				04E0D4511ADD9744001659B3 /* Supporting Files */,
			);
			path = Intervals;
			sourceTree = "<group>";
		};
		04E0D4511ADD9744001659B3 /* Supporting Files */ = {
			isa = PBXGroup;
			children = (
				04E0D4521ADD9744001659B3 /* Info.plist */,
			);
			name = "Supporting Files";
			sourceTree = "<group>";
		};
		04E0D4691ADD9744001659B3 /* IntervalsTests */ = {
			isa = PBXGroup;
			children = (
				04E0D46C1ADD9744001659B3 /* IntervalsTests.swift */,
				04E0D46A1ADD9744001659B3 /* Supporting Files */,
			);
			path = IntervalsTests;
			sourceTree = "<group>";
		};
		04E0D46A1ADD9744001659B3 /* Supporting Files */ = {
			isa = PBXGroup;
			children = (
				04E0D46B1ADD9744001659B3 /* Info.plist */,
			);
			name = "Supporting Files";
			sourceTree = "<group>";
		};
		04E0D4811ADDB82C001659B3 /* Views */ = {
			isa = PBXGroup;
			children = (
				04034E781AE159B800CFDE50 /* ReorderTableView.swift */,
				04E0D47C1ADDAF37001659B3 /* InputCell.swift */,
				04E0D47E1ADDAF46001659B3 /* InputCell.xib */,
			);
			name = Views;
			sourceTree = "<group>";
		};
		04E0D4821ADDB835001659B3 /* Model */ = {
			isa = PBXGroup;
			children = (
				04E0D4831ADDB87A001659B3 /* Interval.swift */,
				04E0D4851ADDBB16001659B3 /* Sequence.swift */,
			);
			name = Model;
			sourceTree = "<group>";
		};
/* End PBXGroup section */

/* Begin PBXNativeTarget section */
		04E0D44D1ADD9744001659B3 /* Intervals */ = {
			isa = PBXNativeTarget;
			buildConfigurationList = 04E0D4701ADD9744001659B3 /* Build configuration list for PBXNativeTarget "Intervals" */;
			buildPhases = (
				04E0D44A1ADD9744001659B3 /* Sources */,
				04E0D44B1ADD9744001659B3 /* Frameworks */,
				04E0D44C1ADD9744001659B3 /* Resources */,
			);
			buildRules = (
			);
			dependencies = (
			);
			name = Intervals;
			productName = Intervals;
			productReference = 04E0D44E1ADD9744001659B3 /* Intervals.app */;
			productType = "com.apple.product-type.application";
		};
		04E0D4651ADD9744001659B3 /* IntervalsTests */ = {
			isa = PBXNativeTarget;
			buildConfigurationList = 04E0D4731ADD9744001659B3 /* Build configuration list for PBXNativeTarget "IntervalsTests" */;
			buildPhases = (
				04E0D4621ADD9744001659B3 /* Sources */,
				04E0D4631ADD9744001659B3 /* Frameworks */,
				04E0D4641ADD9744001659B3 /* Resources */,
			);
			buildRules = (
			);
			dependencies = (
				04E0D4681ADD9744001659B3 /* PBXTargetDependency */,
			);
			name = IntervalsTests;
			productName = IntervalsTests;
			productReference = 04E0D4661ADD9744001659B3 /* IntervalsTests.xctest */;
			productType = "com.apple.product-type.bundle.unit-test";
		};
/* End PBXNativeTarget section */

/* Begin PBXProject section */
		04E0D4461ADD9744001659B3 /* Project object */ = {
			isa = PBXProject;
			attributes = {
				LastUpgradeCheck = 0620;
				ORGANIZATIONNAME = "Hunter Whittle";
				TargetAttributes = {
					04E0D44D1ADD9744001659B3 = {
						CreatedOnToolsVersion = 6.2;
						DevelopmentTeam = P72W356S6R;
					};
					04E0D4651ADD9744001659B3 = {
						CreatedOnToolsVersion = 6.2;
						TestTargetID = 04E0D44D1ADD9744001659B3;
					};
				};
			};
			buildConfigurationList = 04E0D4491ADD9744001659B3 /* Build configuration list for PBXProject "Intervals" */;
			compatibilityVersion = "Xcode 3.2";
			developmentRegion = English;
			hasScannedForEncodings = 0;
			knownRegions = (
				en,
				Base,
			);
			mainGroup = 04E0D4451ADD9744001659B3;
			productRefGroup = 04E0D44F1ADD9744001659B3 /* Products */;
			projectDirPath = "";
			projectRoot = "";
			targets = (
				04E0D44D1ADD9744001659B3 /* Intervals */,
				04E0D4651ADD9744001659B3 /* IntervalsTests */,
			);
		};
/* End PBXProject section */

/* Begin PBXResourcesBuildPhase section */
		04E0D44C1ADD9744001659B3 /* Resources */ = {
			isa = PBXResourcesBuildPhase;
			buildActionMask = 2147483647;
			files = (
				04E0D45C1ADD9744001659B3 /* Main.storyboard in Resources */,
				04E0D4611ADD9744001659B3 /* LaunchScreen.xib in Resources */,
				04E0D47F1ADDAF46001659B3 /* InputCell.xib in Resources */,
				04E0D45E1ADD9744001659B3 /* Images.xcassets in Resources */,
			);
			runOnlyForDeploymentPostprocessing = 0;
		};
		04E0D4641ADD9744001659B3 /* Resources */ = {
			isa = PBXResourcesBuildPhase;
			buildActionMask = 2147483647;
			files = (
			);
			runOnlyForDeploymentPostprocessing = 0;
		};
/* End PBXResourcesBuildPhase section */

/* Begin PBXSourcesBuildPhase section */
		04E0D44A1ADD9744001659B3 /* Sources */ = {
			isa = PBXSourcesBuildPhase;
			buildActionMask = 2147483647;
			files = (
				04E0D4791ADD9BCE001659B3 /* CustomModalTransition.swift in Sources */,
				04034E791AE159B800CFDE50 /* ReorderTableView.swift in Sources */,
				04E0D4591ADD9744001659B3 /* ViewController.swift in Sources */,
				04E0D4861ADDBB16001659B3 /* Sequence.swift in Sources */,
				04E0D4771ADD9816001659B3 /* BaseViewController.swift in Sources */,
				04E0D47B1ADDA0A0001659B3 /* InputViewController.swift in Sources */,
				04E0D4571ADD9744001659B3 /* Intervals.xcdatamodeld in Sources */,
				04E0D4541ADD9744001659B3 /* AppDelegate.swift in Sources */,
				04E0D4841ADDB87A001659B3 /* Interval.swift in Sources */,
				04E0D47D1ADDAF37001659B3 /* InputCell.swift in Sources */,
			);
			runOnlyForDeploymentPostprocessing = 0;
		};
		04E0D4621ADD9744001659B3 /* Sources */ = {
			isa = PBXSourcesBuildPhase;
			buildActionMask = 2147483647;
			files = (
				04E0D46D1ADD9744001659B3 /* IntervalsTests.swift in Sources */,
			);
			runOnlyForDeploymentPostprocessing = 0;
		};
/* End PBXSourcesBuildPhase section */

/* Begin PBXTargetDependency section */
		04E0D4681ADD9744001659B3 /* PBXTargetDependency */ = {
			isa = PBXTargetDependency;
			target = 04E0D44D1ADD9744001659B3 /* Intervals */;
			targetProxy = 04E0D4671ADD9744001659B3 /* PBXContainerItemProxy */;
		};
/* End PBXTargetDependency section */

/* Begin PBXVariantGroup section */
		04E0D45A1ADD9744001659B3 /* Main.storyboard */ = {
			isa = PBXVariantGroup;
			children = (
				04E0D45B1ADD9744001659B3 /* Base */,
			);
			name = Main.storyboard;
			sourceTree = "<group>";
		};
		04E0D45F1ADD9744001659B3 /* LaunchScreen.xib */ = {
			isa = PBXVariantGroup;
			children = (
				04E0D4601ADD9744001659B3 /* Base */,
			);
			name = LaunchScreen.xib;
			sourceTree = "<group>";
		};
/* End PBXVariantGroup section */

/* Begin XCBuildConfiguration section */
		04E0D46E1ADD9744001659B3 /* Debug */ = {
			isa = XCBuildConfiguration;
			buildSettings = {
				ALWAYS_SEARCH_USER_PATHS = NO;
				CLANG_CXX_LANGUAGE_STANDARD = "gnu++0x";
				CLANG_CXX_LIBRARY = "libc++";
				CLANG_ENABLE_MODULES = YES;
				CLANG_ENABLE_OBJC_ARC = YES;
				CLANG_WARN_BOOL_CONVERSION = YES;
				CLANG_WARN_CONSTANT_CONVERSION = YES;
				CLANG_WARN_DIRECT_OBJC_ISA_USAGE = YES_ERROR;
				CLANG_WARN_EMPTY_BODY = YES;
				CLANG_WARN_ENUM_CONVERSION = YES;
				CLANG_WARN_INT_CONVERSION = YES;
				CLANG_WARN_OBJC_ROOT_CLASS = YES_ERROR;
				CLANG_WARN_UNREACHABLE_CODE = YES;
				CLANG_WARN__DUPLICATE_METHOD_MATCH = YES;
				"CODE_SIGN_IDENTITY[sdk=iphoneos*]" = "iPhone Developer";
				COPY_PHASE_STRIP = NO;
				ENABLE_STRICT_OBJC_MSGSEND = YES;
				GCC_C_LANGUAGE_STANDARD = gnu99;
				GCC_DYNAMIC_NO_PIC = NO;
				GCC_OPTIMIZATION_LEVEL = 0;
				GCC_PREPROCESSOR_DEFINITIONS = (
					"DEBUG=1",
					"$(inherited)",
				);
				GCC_SYMBOLS_PRIVATE_EXTERN = NO;
				GCC_WARN_64_TO_32_BIT_CONVERSION = YES;
				GCC_WARN_ABOUT_RETURN_TYPE = YES_ERROR;
				GCC_WARN_UNDECLARED_SELECTOR = YES;
				GCC_WARN_UNINITIALIZED_AUTOS = YES_AGGRESSIVE;
				GCC_WARN_UNUSED_FUNCTION = YES;
				GCC_WARN_UNUSED_VARIABLE = YES;
				IPHONEOS_DEPLOYMENT_TARGET = 8.2;
				MTL_ENABLE_DEBUG_INFO = YES;
				ONLY_ACTIVE_ARCH = YES;
				SDKROOT = iphoneos;
				SWIFT_OPTIMIZATION_LEVEL = "-Onone";
			};
			name = Debug;
		};
		04E0D46F1ADD9744001659B3 /* Release */ = {
			isa = XCBuildConfiguration;
			buildSettings = {
				ALWAYS_SEARCH_USER_PATHS = NO;
				CLANG_CXX_LANGUAGE_STANDARD = "gnu++0x";
				CLANG_CXX_LIBRARY = "libc++";
				CLANG_ENABLE_MODULES = YES;
				CLANG_ENABLE_OBJC_ARC = YES;
				CLANG_WARN_BOOL_CONVERSION = YES;
				CLANG_WARN_CONSTANT_CONVERSION = YES;
				CLANG_WARN_DIRECT_OBJC_ISA_USAGE = YES_ERROR;
				CLANG_WARN_EMPTY_BODY = YES;
				CLANG_WARN_ENUM_CONVERSION = YES;
				CLANG_WARN_INT_CONVERSION = YES;
				CLANG_WARN_OBJC_ROOT_CLASS = YES_ERROR;
				CLANG_WARN_UNREACHABLE_CODE = YES;
				CLANG_WARN__DUPLICATE_METHOD_MATCH = YES;
				"CODE_SIGN_IDENTITY[sdk=iphoneos*]" = "iPhone Developer";
				COPY_PHASE_STRIP = NO;
				ENABLE_NS_ASSERTIONS = NO;
				ENABLE_STRICT_OBJC_MSGSEND = YES;
				GCC_C_LANGUAGE_STANDARD = gnu99;
				GCC_WARN_64_TO_32_BIT_CONVERSION = YES;
				GCC_WARN_ABOUT_RETURN_TYPE = YES_ERROR;
				GCC_WARN_UNDECLARED_SELECTOR = YES;
				GCC_WARN_UNINITIALIZED_AUTOS = YES_AGGRESSIVE;
				GCC_WARN_UNUSED_FUNCTION = YES;
				GCC_WARN_UNUSED_VARIABLE = YES;
				IPHONEOS_DEPLOYMENT_TARGET = 8.2;
				MTL_ENABLE_DEBUG_INFO = NO;
				SDKROOT = iphoneos;
				VALIDATE_PRODUCT = YES;
			};
			name = Release;
		};
		04E0D4711ADD9744001659B3 /* Debug */ = {
			isa = XCBuildConfiguration;
			buildSettings = {
				ASSETCATALOG_COMPILER_APPICON_NAME = AppIcon;
				CODE_SIGN_IDENTITY = "iPhone Developer: Hunter Whittle (8G4F839ME8)";
				INFOPLIST_FILE = Intervals/Info.plist;
				LD_RUNPATH_SEARCH_PATHS = "$(inherited) @executable_path/Frameworks";
				PRODUCT_NAME = "$(TARGET_NAME)";
			};
			name = Debug;
		};
		04E0D4721ADD9744001659B3 /* Release */ = {
			isa = XCBuildConfiguration;
			buildSettings = {
				ASSETCATALOG_COMPILER_APPICON_NAME = AppIcon;
				CODE_SIGN_IDENTITY = "iPhone Developer: Hunter Whittle (8G4F839ME8)";
				INFOPLIST_FILE = Intervals/Info.plist;
				LD_RUNPATH_SEARCH_PATHS = "$(inherited) @executable_path/Frameworks";
				PRODUCT_NAME = "$(TARGET_NAME)";
			};
			name = Release;
		};
		04E0D4741ADD9744001659B3 /* Debug */ = {
			isa = XCBuildConfiguration;
			buildSettings = {
				BUNDLE_LOADER = "$(TEST_HOST)";
				FRAMEWORK_SEARCH_PATHS = (
					"$(SDKROOT)/Developer/Library/Frameworks",
					"$(inherited)",
				);
				GCC_PREPROCESSOR_DEFINITIONS = (
					"DEBUG=1",
					"$(inherited)",
				);
				INFOPLIST_FILE = IntervalsTests/Info.plist;
				LD_RUNPATH_SEARCH_PATHS = "$(inherited) @executable_path/Frameworks @loader_path/Frameworks";
				PRODUCT_NAME = "$(TARGET_NAME)";
				TEST_HOST = "$(BUILT_PRODUCTS_DIR)/Intervals.app/Intervals";
			};
			name = Debug;
		};
		04E0D4751ADD9744001659B3 /* Release */ = {
			isa = XCBuildConfiguration;
			buildSettings = {
				BUNDLE_LOADER = "$(TEST_HOST)";
				FRAMEWORK_SEARCH_PATHS = (
					"$(SDKROOT)/Developer/Library/Frameworks",
					"$(inherited)",
				);
				INFOPLIST_FILE = IntervalsTests/Info.plist;
				LD_RUNPATH_SEARCH_PATHS = "$(inherited) @executable_path/Frameworks @loader_path/Frameworks";
				PRODUCT_NAME = "$(TARGET_NAME)";
				TEST_HOST = "$(BUILT_PRODUCTS_DIR)/Intervals.app/Intervals";
			};
			name = Release;
		};
/* End XCBuildConfiguration section */

/* Begin XCConfigurationList section */
		04E0D4491ADD9744001659B3 /* Build configuration list for PBXProject "Intervals" */ = {
			isa = XCConfigurationList;
			buildConfigurations = (
				04E0D46E1ADD9744001659B3 /* Debug */,
				04E0D46F1ADD9744001659B3 /* Release */,
			);
			defaultConfigurationIsVisible = 0;
			defaultConfigurationName = Release;
		};
		04E0D4701ADD9744001659B3 /* Build configuration list for PBXNativeTarget "Intervals" */ = {
			isa = XCConfigurationList;
			buildConfigurations = (
				04E0D4711ADD9744001659B3 /* Debug */,
				04E0D4721ADD9744001659B3 /* Release */,
			);
			defaultConfigurationIsVisible = 0;
			defaultConfigurationName = Release;
		};
		04E0D4731ADD9744001659B3 /* Build configuration list for PBXNativeTarget "IntervalsTests" */ = {
			isa = XCConfigurationList;
			buildConfigurations = (
				04E0D4741ADD9744001659B3 /* Debug */,
				04E0D4751ADD9744001659B3 /* Release */,
			);
			defaultConfigurationIsVisible = 0;
			defaultConfigurationName = Release;
		};
/* End XCConfigurationList section */

/* Begin XCVersionGroup section */
		04E0D4551ADD9744001659B3 /* Intervals.xcdatamodeld */ = {
			isa = XCVersionGroup;
			children = (
				04E0D4561ADD9744001659B3 /* Intervals.xcdatamodel */,
			);
			currentVersion = 04E0D4561ADD9744001659B3 /* Intervals.xcdatamodel */;
			path = Intervals.xcdatamodeld;
			sourceTree = "<group>";
			versionGroupType = wrapper.xcdatamodel;
		};
/* End XCVersionGroup section */
	};
	rootObject = 04E0D4461ADD9744001659B3 /* Project object */;
}
